PODS:
  - Alamofire (5.4.1)
  - EmptyDataSet-Swift (4.2.0)
  - HandyJSON (5.0.0)
  - HMSegmentedControl (1.5.5)
  - IQKeyboardManagerSwift (6.4.1)
  - Kingfisher (4.10.1)
  - LLCycleScrollView (1.5.4):
    - Kingfisher (<= 4.10.1)
  - MBProgressHUD (1.2.0)
  - MJRefresh (3.5.0)
  - Moya (14.0.0):
    - Moya/Core (= 14.0.0)
  - Moya/Core (14.0.0):
    - Alamofire (~> 5.0)
  - Reusable (4.1.0):
    - Reusable/Storyboard (= 4.1.0)
    - Reusable/View (= 4.1.0)
  - Reusable/Storyboard (4.1.0)
  - Reusable/View (4.1.0)
  - RxCocoa (6.0.0):
    - RxRelay (= 6.0.0)
    - RxSwift (= 6.0.0)
  - RxRelay (6.0.0):
    - RxSwift (= 6.0.0)
  - RxSwift (6.0.0)
  - SnapKit (5.0.1)
  - SnapKitExtend (1.0.7):
    - SnapKit
  - Then (2.5.0)
  - UINavigation-SXFixSpace (1.2.4)

DEPENDENCIES:
  - EmptyDataSet-Swift (= 4.2.0)
  - HandyJSON (= 5.0.0)
  - HMSegmentedControl (= 1.5.5)
  - IQKeyboardManagerSwift (= 6.4.1)
  - Kingfisher (= 4.10.1)
  - LLCycleScrollView (= 1.5.4)
  - MBProgressHUD (= 1.2.0)
  - MJRefresh (= 3.5.0)
  - Moya (= 14.0.0)
  - Reusable (= 4.1.0)
  - RxCocoa (= 6.0.0)
  - RxSwift (= 6.0.0)
  - SnapKitExtend (= 1.0.7)
  - Then (= 2.5.0)
  - UINavigation-SXFixSpace (= 1.2.4)

SPEC REPOS:
  trunk:
    - Alamofire
    - EmptyDataSet-Swift
    - HandyJSON
    - HMSegmentedControl
    - IQKeyboardManagerSwift
    - Kingfisher
    - LLCycleScrollView
    - MBProgressHUD
    - MJRefresh
    - Moya
    - Reusable
    - RxCocoa
    - RxRelay
    - RxSwift
    - SnapKit
    - SnapKitExtend
    - Then
    - UINavigation-SXFixSpace

SPEC CHECKSUMS:
  Alamofire: 2291f7d21ca607c491dd17642e5d40fdcda0e65c
  EmptyDataSet-Swift: 1fa0b35f530a35f852ecb2b53564728b0c300aaf
  HandyJSON: 992f2d661716d6a91de82d0056927bc7813b5770
  HMSegmentedControl: f514c6dad47aa3065e0ed2e8046b73efc71221b9
  IQKeyboardManagerSwift: d2df660d0b8d64a15cb2537c9ff303213fa515b2
  Kingfisher: c148cd7b47ebde9989f6bc7c27dcaa79d81279a0
  LLCycleScrollView: 77f6e11980d1cd010ee9ee87e94da4e8026ccd21
  MBProgressHUD: 3ee5efcc380f6a79a7cc9b363dd669c5e1ae7406
  MJRefresh: 6afc955813966afb08305477dd7a0d9ad5e79a16
  Moya: 5b45dacb75adb009f97fde91c204c1e565d31916
  Reusable: 82be188f29d96dc5eff0db7b2393bcc08d2cdd5b
  RxCocoa: 3f79328fafa3645b34600f37c31e64c73ae3a80e
  RxRelay: 8d593be109c06ea850df027351beba614b012ffb
  RxSwift: c14e798c59b9f6e9a2df8fd235602e85cc044295
  SnapKit: 97b92857e3df3a0c71833cce143274bf6ef8e5eb
  SnapKitExtend: 00ee4db6d1f80bee01a1e75745f2a6ae695ba662
  Then: 0157115e883545c77967b452fe74a1d25fb796e1
  UINavigation-SXFixSpace: 10f223253ebff2ceefa26694e23b7694269763c4

PODFILE CHECKSUM: d72998a2a56d2f20bc0cb8b61ea0a13f0a4cc440

COCOAPODS: 1.10.0
